
Microsoft Visual Studio Solution File, Format Version 12.00
# Visual Studio Version 17
VisualStudioVersion = 17.4.33205.214
MinimumVisualStudioVersion = 10.0.40219.1
Project("{FAE04EC0-301F-11D3-BF4B-00C04F79EFBC}") = "concurrencia", "concurrencia\concurrencia.csproj", "{A135A8C0-2C07-4FA4-99FE-94911D745FB9}"
EndProject
Global
	GlobalSection(SolutionConfigurationPlatforms) = preSolution
		Debug|Any CPU = Debug|Any CPU
		Release|Any CPU = Release|Any CPU
	EndGlobalSection
	GlobalSection(ProjectConfigurationPlatforms) = postSolution
		{A135A8C0-2C07-4FA4-99FE-94911D745FB9}.Debug|Any CPU.ActiveCfg = Debug|Any CPU
		{A135A8C0-2C07-4FA4-99FE-94911D745FB9}.Debug|Any CPU.Build.0 = Debug|Any CPU
		{A135A8C0-2C07-4FA4-99FE-94911D745FB9}.Release|Any CPU.ActiveCfg = Release|Any CPU
		{A135A8C0-2C07-4FA4-99FE-94911D745FB9}.Release|Any CPU.Build.0 = Release|Any CPU
	EndGlobalSection
	GlobalSection(SolutionProperties) = preSolution
		HideSolutionNode = FALSE
	EndGlobalSection
	GlobalSection(ExtensibilityGlobals) = postSolution
		SolutionGuid = {3129364E-2CE5-4BB5-88DC-B5E6394C9CB6}
	EndGlobalSection
EndGlobal
